
Microsoft Visual Studio Solution File, Format Version 12.00
# Visual Studio Version 17
VisualStudioVersion = 17.5.33516.290
MinimumVisualStudioVersion = 10.0.40219.1
Project("{FAE04EC0-301F-11D3-BF4B-00C04F79EFBC}") = "CreatureCarAndHuman", "CreatureCarAndHuman\CreatureCarAndHuman.csproj", "{2C0367DF-0B9B-4674-AF55-16FF3865D1DB}"
EndProject
Project("{FAE04EC0-301F-11D3-BF4B-00C04F79EFBC}") = "GeometryCalculator", "GeometryCalculator\GeometryCalculator.csproj", "{EA68AD88-FEEC-4439-8C2C-132812FEAA8C}"
EndProject
Project("{FAE04EC0-301F-11D3-BF4B-00C04F79EFBC}") = "CleaningRoomsVacuumCleners", "CleaningRoomsVacuumCleners\CleaningRoomsVacuumCleners.csproj", "{B01FC292-8F50-4C31-ACBA-CB160654597A}"
EndProject
Project("{FAE04EC0-301F-11D3-BF4B-00C04F79EFBC}") = "GeometryLibrary", "GeometryLibrary\GeometryLibrary.csproj", "{4C5D7790-8413-44A4-9B14-B570953162E4}"
EndProject
Project("{FAE04EC0-301F-11D3-BF4B-00C04F79EFBC}") = "Products", "Products\Products.csproj", "{476E3A0F-6063-4A4D-87B9-F5107FE72735}"
EndProject
Project("{FAE04EC0-301F-11D3-BF4B-00C04F79EFBC}") = "Lock", "Lock\Lock.csproj", "{D7163C5C-678C-4228-AE6A-AA680414B2CA}"
EndProject
Project("{FAE04EC0-301F-11D3-BF4B-00C04F79EFBC}") = "Lock2", "Lock2\Lock2.csproj", "{2E803A88-CA53-4234-B13F-53C388F50B5B}"
EndProject
Project("{FAE04EC0-301F-11D3-BF4B-00C04F79EFBC}") = "SemaphoreExample", "SemaphoreExample\SemaphoreExample.csproj", "{18876E97-2421-47FD-BA9B-17D2E8EEF46A}"
EndProject
Project("{FAE04EC0-301F-11D3-BF4B-00C04F79EFBC}") = "AsyncTestUI", "AsyncTestUI\AsyncTestUI.csproj", "{47BC4171-3DF6-45E7-870C-E6693DE25208}"
EndProject
Project("{FAE04EC0-301F-11D3-BF4B-00C04F79EFBC}") = "TestDBConnection", "TestDBConnection\TestDBConnection.csproj", "{6425D16B-E396-43C1-A612-E0E40F0E8BA3}"
EndProject
Global
	GlobalSection(SolutionConfigurationPlatforms) = preSolution
		Debug|Any CPU = Debug|Any CPU
		Release|Any CPU = Release|Any CPU
	EndGlobalSection
	GlobalSection(ProjectConfigurationPlatforms) = postSolution
		{2C0367DF-0B9B-4674-AF55-16FF3865D1DB}.Debug|Any CPU.ActiveCfg = Debug|Any CPU
		{2C0367DF-0B9B-4674-AF55-16FF3865D1DB}.Debug|Any CPU.Build.0 = Debug|Any CPU
		{2C0367DF-0B9B-4674-AF55-16FF3865D1DB}.Release|Any CPU.ActiveCfg = Release|Any CPU
		{2C0367DF-0B9B-4674-AF55-16FF3865D1DB}.Release|Any CPU.Build.0 = Release|Any CPU
		{EA68AD88-FEEC-4439-8C2C-132812FEAA8C}.Debug|Any CPU.ActiveCfg = Debug|Any CPU
		{EA68AD88-FEEC-4439-8C2C-132812FEAA8C}.Debug|Any CPU.Build.0 = Debug|Any CPU
		{EA68AD88-FEEC-4439-8C2C-132812FEAA8C}.Release|Any CPU.ActiveCfg = Release|Any CPU
		{EA68AD88-FEEC-4439-8C2C-132812FEAA8C}.Release|Any CPU.Build.0 = Release|Any CPU
		{B01FC292-8F50-4C31-ACBA-CB160654597A}.Debug|Any CPU.ActiveCfg = Debug|Any CPU
		{B01FC292-8F50-4C31-ACBA-CB160654597A}.Debug|Any CPU.Build.0 = Debug|Any CPU
		{B01FC292-8F50-4C31-ACBA-CB160654597A}.Release|Any CPU.ActiveCfg = Release|Any CPU
		{B01FC292-8F50-4C31-ACBA-CB160654597A}.Release|Any CPU.Build.0 = Release|Any CPU
		{4C5D7790-8413-44A4-9B14-B570953162E4}.Debug|Any CPU.ActiveCfg = Debug|Any CPU
		{4C5D7790-8413-44A4-9B14-B570953162E4}.Debug|Any CPU.Build.0 = Debug|Any CPU
		{4C5D7790-8413-44A4-9B14-B570953162E4}.Release|Any CPU.ActiveCfg = Release|Any CPU
		{4C5D7790-8413-44A4-9B14-B570953162E4}.Release|Any CPU.Build.0 = Release|Any CPU
		{476E3A0F-6063-4A4D-87B9-F5107FE72735}.Debug|Any CPU.ActiveCfg = Debug|Any CPU
		{476E3A0F-6063-4A4D-87B9-F5107FE72735}.Debug|Any CPU.Build.0 = Debug|Any CPU
		{476E3A0F-6063-4A4D-87B9-F5107FE72735}.Release|Any CPU.ActiveCfg = Release|Any CPU
		{476E3A0F-6063-4A4D-87B9-F5107FE72735}.Release|Any CPU.Build.0 = Release|Any CPU
		{D7163C5C-678C-4228-AE6A-AA680414B2CA}.Debug|Any CPU.ActiveCfg = Debug|Any CPU
		{D7163C5C-678C-4228-AE6A-AA680414B2CA}.Debug|Any CPU.Build.0 = Debug|Any CPU
		{D7163C5C-678C-4228-AE6A-AA680414B2CA}.Release|Any CPU.ActiveCfg = Release|Any CPU
		{D7163C5C-678C-4228-AE6A-AA680414B2CA}.Release|Any CPU.Build.0 = Release|Any CPU
		{2E803A88-CA53-4234-B13F-53C388F50B5B}.Debug|Any CPU.ActiveCfg = Debug|Any CPU
		{2E803A88-CA53-4234-B13F-53C388F50B5B}.Debug|Any CPU.Build.0 = Debug|Any CPU
		{2E803A88-CA53-4234-B13F-53C388F50B5B}.Release|Any CPU.ActiveCfg = Release|Any CPU
		{2E803A88-CA53-4234-B13F-53C388F50B5B}.Release|Any CPU.Build.0 = Release|Any CPU
		{18876E97-2421-47FD-BA9B-17D2E8EEF46A}.Debug|Any CPU.ActiveCfg = Debug|Any CPU
		{18876E97-2421-47FD-BA9B-17D2E8EEF46A}.Debug|Any CPU.Build.0 = Debug|Any CPU
		{18876E97-2421-47FD-BA9B-17D2E8EEF46A}.Release|Any CPU.ActiveCfg = Release|Any CPU
		{18876E97-2421-47FD-BA9B-17D2E8EEF46A}.Release|Any CPU.Build.0 = Release|Any CPU
		{47BC4171-3DF6-45E7-870C-E6693DE25208}.Debug|Any CPU.ActiveCfg = Debug|Any CPU
		{47BC4171-3DF6-45E7-870C-E6693DE25208}.Debug|Any CPU.Build.0 = Debug|Any CPU
		{47BC4171-3DF6-45E7-870C-E6693DE25208}.Release|Any CPU.ActiveCfg = Release|Any CPU
		{47BC4171-3DF6-45E7-870C-E6693DE25208}.Release|Any CPU.Build.0 = Release|Any CPU
		{6425D16B-E396-43C1-A612-E0E40F0E8BA3}.Debug|Any CPU.ActiveCfg = Debug|Any CPU
		{6425D16B-E396-43C1-A612-E0E40F0E8BA3}.Debug|Any CPU.Build.0 = Debug|Any CPU
		{6425D16B-E396-43C1-A612-E0E40F0E8BA3}.Release|Any CPU.ActiveCfg = Release|Any CPU
		{6425D16B-E396-43C1-A612-E0E40F0E8BA3}.Release|Any CPU.Build.0 = Release|Any CPU
	EndGlobalSection
	GlobalSection(SolutionProperties) = preSolution
		HideSolutionNode = FALSE
	EndGlobalSection
	GlobalSection(ExtensibilityGlobals) = postSolution
		SolutionGuid = {40D8CF01-58D5-4E8B-A313-ECEF2B42D5C8}
	EndGlobalSection
EndGlobal
