
Microsoft Visual Studio Solution File, Format Version 12.00
# Visual Studio Version 17
VisualStudioVersion = 17.5.33516.290
MinimumVisualStudioVersion = 10.0.40219.1
Project("{FAE04EC0-301F-11D3-BF4B-00C04F79EFBC}") = "Project1", "Project1\Project1.csproj", "{2C0367DF-0B9B-4674-AF55-16FF3865D1DB}"
EndProject
Project("{FAE04EC0-301F-11D3-BF4B-00C04F79EFBC}") = "Project2", "Project2\Project2.csproj", "{EA68AD88-FEEC-4439-8C2C-132812FEAA8C}"
EndProject
Project("{FAE04EC0-301F-11D3-BF4B-00C04F79EFBC}") = "SqlRequest_sqlzoo.net", "SqlRequest_sqlzoo.net\SqlRequest_sqlzoo.net.csproj", "{C084074F-0C68-4775-9E79-8FD07D361B88}"
EndProject
Project("{FAE04EC0-301F-11D3-BF4B-00C04F79EFBC}") = "TestDBConnection2", "TestDBConnection2\TestDBConnection2.csproj", "{6D9B6291-9975-4548-A48C-D142456E5115}"
EndProject
Global
	GlobalSection(SolutionConfigurationPlatforms) = preSolution
		Debug|Any CPU = Debug|Any CPU
		Release|Any CPU = Release|Any CPU
	EndGlobalSection
	GlobalSection(ProjectConfigurationPlatforms) = postSolution
		{2C0367DF-0B9B-4674-AF55-16FF3865D1DB}.Debug|Any CPU.ActiveCfg = Debug|Any CPU
		{2C0367DF-0B9B-4674-AF55-16FF3865D1DB}.Debug|Any CPU.Build.0 = Debug|Any CPU
		{2C0367DF-0B9B-4674-AF55-16FF3865D1DB}.Release|Any CPU.ActiveCfg = Release|Any CPU
		{2C0367DF-0B9B-4674-AF55-16FF3865D1DB}.Release|Any CPU.Build.0 = Release|Any CPU
		{EA68AD88-FEEC-4439-8C2C-132812FEAA8C}.Debug|Any CPU.ActiveCfg = Debug|Any CPU
		{EA68AD88-FEEC-4439-8C2C-132812FEAA8C}.Debug|Any CPU.Build.0 = Debug|Any CPU
		{EA68AD88-FEEC-4439-8C2C-132812FEAA8C}.Release|Any CPU.ActiveCfg = Release|Any CPU
		{EA68AD88-FEEC-4439-8C2C-132812FEAA8C}.Release|Any CPU.Build.0 = Release|Any CPU
		{C084074F-0C68-4775-9E79-8FD07D361B88}.Debug|Any CPU.ActiveCfg = Debug|Any CPU
		{C084074F-0C68-4775-9E79-8FD07D361B88}.Debug|Any CPU.Build.0 = Debug|Any CPU
		{C084074F-0C68-4775-9E79-8FD07D361B88}.Release|Any CPU.ActiveCfg = Release|Any CPU
		{C084074F-0C68-4775-9E79-8FD07D361B88}.Release|Any CPU.Build.0 = Release|Any CPU
		{6D9B6291-9975-4548-A48C-D142456E5115}.Debug|Any CPU.ActiveCfg = Debug|Any CPU
		{6D9B6291-9975-4548-A48C-D142456E5115}.Debug|Any CPU.Build.0 = Debug|Any CPU
		{6D9B6291-9975-4548-A48C-D142456E5115}.Release|Any CPU.ActiveCfg = Release|Any CPU
		{6D9B6291-9975-4548-A48C-D142456E5115}.Release|Any CPU.Build.0 = Release|Any CPU
	EndGlobalSection
	GlobalSection(SolutionProperties) = preSolution
		HideSolutionNode = FALSE
	EndGlobalSection
	GlobalSection(ExtensibilityGlobals) = postSolution
		SolutionGuid = {40D8CF01-58D5-4E8B-A313-ECEF2B42D5C8}
	EndGlobalSection
EndGlobal
